Microsoft Visual Studio Solution File, Format Version 12.00
Project("{FAE04EC0-301F-11D3-BF4B-00C04F79EFBC}") = "UniversityManagementSystem.Identity", "UniversityManagementSystem.Identity\UniversityManagementSystem.Identity.csproj", "{023B57D0-61F7-4506-B0D2-610EB82C7A5B}"
EndProject
Project("{FAE04EC0-301F-11D3-BF4B-00C04F79EFBC}") = "UniversityManagementSystem.Exceptions", "UniversityManagementSystem.Exceptions\UniversityManagementSystem.Exceptions.csproj", "{2D60AC60-AFA7-4914-9495-15A5816FA33D}"
EndProject
Project("{FAE04EC0-301F-11D3-BF4B-00C04F79EFBC}") = "UniversityManagementSystem.Specifications", "UniversityManagementSystem.Specifications\UniversityManagementSystem.Specifications.csproj", "{748B701B-B1C7-427A-9DE6-B57BBBAC830A}"
EndProject
Project("{FAE04EC0-301F-11D3-BF4B-00C04F79EFBC}") = "UniversityManagementSystem.Apps.WebApi", "UniversityManagementSystem.Apps.WebApi\UniversityManagementSystem.Apps.WebApi.csproj", "{743132F2-B706-47D8-AB28-7A1BF013A650}"
EndProject
Project("{FAE04EC0-301F-11D3-BF4B-00C04F79EFBC}") = "UniversityManagementSystem.Data", "UniversityManagementSystem.Data\UniversityManagementSystem.Data.csproj", "{BCA64489-EEA7-4065-AE8A-71B2BA188167}"
EndProject
Project("{FAE04EC0-301F-11D3-BF4B-00C04F79EFBC}") = "UniversityManagementSystem.Services", "UniversityManagementSystem.Services\UniversityManagementSystem.Services.csproj", "{24136523-617B-4600-ADF5-DD1D5177A630}"
EndProject
Global
	GlobalSection(SolutionConfigurationPlatforms) = preSolution
		Debug|Any CPU = Debug|Any CPU
		Release|Any CPU = Release|Any CPU
	EndGlobalSection
	GlobalSection(ProjectConfigurationPlatforms) = postSolution
		{023B57D0-61F7-4506-B0D2-610EB82C7A5B}.Debug|Any CPU.ActiveCfg = Debug|Any CPU
		{023B57D0-61F7-4506-B0D2-610EB82C7A5B}.Debug|Any CPU.Build.0 = Debug|Any CPU
		{023B57D0-61F7-4506-B0D2-610EB82C7A5B}.Release|Any CPU.ActiveCfg = Release|Any CPU
		{023B57D0-61F7-4506-B0D2-610EB82C7A5B}.Release|Any CPU.Build.0 = Release|Any CPU
		{2D60AC60-AFA7-4914-9495-15A5816FA33D}.Debug|Any CPU.ActiveCfg = Debug|Any CPU
		{2D60AC60-AFA7-4914-9495-15A5816FA33D}.Debug|Any CPU.Build.0 = Debug|Any CPU
		{2D60AC60-AFA7-4914-9495-15A5816FA33D}.Release|Any CPU.ActiveCfg = Release|Any CPU
		{2D60AC60-AFA7-4914-9495-15A5816FA33D}.Release|Any CPU.Build.0 = Release|Any CPU
		{748B701B-B1C7-427A-9DE6-B57BBBAC830A}.Debug|Any CPU.ActiveCfg = Debug|Any CPU
		{748B701B-B1C7-427A-9DE6-B57BBBAC830A}.Debug|Any CPU.Build.0 = Debug|Any CPU
		{748B701B-B1C7-427A-9DE6-B57BBBAC830A}.Release|Any CPU.ActiveCfg = Release|Any CPU
		{748B701B-B1C7-427A-9DE6-B57BBBAC830A}.Release|Any CPU.Build.0 = Release|Any CPU
		{743132F2-B706-47D8-AB28-7A1BF013A650}.Debug|Any CPU.ActiveCfg = Debug|Any CPU
		{743132F2-B706-47D8-AB28-7A1BF013A650}.Debug|Any CPU.Build.0 = Debug|Any CPU
		{743132F2-B706-47D8-AB28-7A1BF013A650}.Release|Any CPU.ActiveCfg = Release|Any CPU
		{743132F2-B706-47D8-AB28-7A1BF013A650}.Release|Any CPU.Build.0 = Release|Any CPU
		{BCA64489-EEA7-4065-AE8A-71B2BA188167}.Debug|Any CPU.ActiveCfg = Debug|Any CPU
		{BCA64489-EEA7-4065-AE8A-71B2BA188167}.Debug|Any CPU.Build.0 = Debug|Any CPU
		{BCA64489-EEA7-4065-AE8A-71B2BA188167}.Release|Any CPU.ActiveCfg = Release|Any CPU
		{BCA64489-EEA7-4065-AE8A-71B2BA188167}.Release|Any CPU.Build.0 = Release|Any CPU
		{24136523-617B-4600-ADF5-DD1D5177A630}.Debug|Any CPU.ActiveCfg = Debug|Any CPU
		{24136523-617B-4600-ADF5-DD1D5177A630}.Debug|Any CPU.Build.0 = Debug|Any CPU
		{24136523-617B-4600-ADF5-DD1D5177A630}.Release|Any CPU.ActiveCfg = Release|Any CPU
		{24136523-617B-4600-ADF5-DD1D5177A630}.Release|Any CPU.Build.0 = Release|Any CPU
	EndGlobalSection
	GlobalSection(NestedProjects) = preSolution
	EndGlobalSection
EndGlobal
